
Microsoft Visual Studio Solution File, Format Version 12.00
# Visual Studio 15
VisualStudioVersion = 15.0.28010.2026
MinimumVisualStudioVersion = 10.0.40219.1
Project("{F184B08F-C81C-45F6-A57F-5ABD9991F28F}") = "LisBrowser Gecko", "LisBrowser Gecko\LisBrowser Gecko.vbproj", "{88D5CC96-ADCE-4741-892F-927310B84157}"
EndProject
Global
	GlobalSection(SolutionConfigurationPlatforms) = preSolution
		Debug|Any CPU = Debug|Any CPU
		Release|Any CPU = Release|Any CPU
	EndGlobalSection
	GlobalSection(ProjectConfigurationPlatforms) = postSolution
		{88D5CC96-ADCE-4741-892F-927310B84157}.Debug|Any CPU.ActiveCfg = Debug|Any CPU
		{88D5CC96-ADCE-4741-892F-927310B84157}.Debug|Any CPU.Build.0 = Debug|Any CPU
		{88D5CC96-ADCE-4741-892F-927310B84157}.Release|Any CPU.ActiveCfg = Release|Any CPU
		{88D5CC96-ADCE-4741-892F-927310B84157}.Release|Any CPU.Build.0 = Release|Any CPU
	EndGlobalSection
	GlobalSection(SolutionProperties) = preSolution
		HideSolutionNode = FALSE
	EndGlobalSection
	GlobalSection(ExtensibilityGlobals) = postSolution
		SolutionGuid = {0B3BC74E-ECF6-4A9D-AC9C-377719E66C10}
	EndGlobalSection
EndGlobal
